
Microsoft Visual Studio Solution File, Format Version 12.00
# Visual Studio Version 16
VisualStudioVersion = 16.0.33529.622
MinimumVisualStudioVersion = 10.0.40219.1
Project("{FAE04EC0-301F-11D3-BF4B-00C04F79EFBC}") = "WebShopping", "WebShopping.csproj", "{3BE9B60D-BBA9-4C00-946C-230EEA6454C3}"
EndProject
Global
	GlobalSection(SolutionConfigurationPlatforms) = preSolution
		Debug|Any CPU = Debug|Any CPU
		Release|Any CPU = Release|Any CPU
	EndGlobalSection
	GlobalSection(ProjectConfigurationPlatforms) = postSolution
		{3BE9B60D-BBA9-4C00-946C-230EEA6454C3}.Debug|Any CPU.ActiveCfg = Debug|Any CPU
		{3BE9B60D-BBA9-4C00-946C-230EEA6454C3}.Debug|Any CPU.Build.0 = Debug|Any CPU
		{3BE9B60D-BBA9-4C00-946C-230EEA6454C3}.Release|Any CPU.ActiveCfg = Release|Any CPU
		{3BE9B60D-BBA9-4C00-946C-230EEA6454C3}.Release|Any CPU.Build.0 = Release|Any CPU
	EndGlobalSection
	GlobalSection(SolutionProperties) = preSolution
		HideSolutionNode = FALSE
	EndGlobalSection
	GlobalSection(ExtensibilityGlobals) = postSolution
		SolutionGuid = {6CEBC949-C7FA-4C4F-A4C5-0104B8C679AE}
	EndGlobalSection
EndGlobal
